// !$*UTF8*$!
{
	archiveVersion = 1;
	classes = {
	};
	objectVersion = 51;
	objects = {

/* Begin PBXBuildFile section */
		15C1E144238833D000FC5379 /* AppDelegate.swift in Sources */ = {isa = PBXBuildFile; fileRef = 15C1E143238833D000FC5379 /* AppDelegate.swift */; };
		15C1E146238833D000FC5379 /* SceneDelegate.swift in Sources */ = {isa = PBXBuildFile; fileRef = 15C1E145238833D000FC5379 /* SceneDelegate.swift */; };
		15C1E149238833D000FC5379 /* NIBM_Article.xcdatamodeld in Sources */ = {isa = PBXBuildFile; fileRef = 15C1E147238833D000FC5379 /* NIBM_Article.xcdatamodeld */; };
		15C1E14B238833D000FC5379 /* ContentView.swift in Sources */ = {isa = PBXBuildFile; fileRef = 15C1E14A238833D000FC5379 /* ContentView.swift */; };
		15C1E14D238833D100FC5379 /* Assets.xcassets in Resources */ = {isa = PBXBuildFile; fileRef = 15C1E14C238833D100FC5379 /* Assets.xcassets */; };
		15C1E150238833D100FC5379 /* Preview Assets.xcassets in Resources */ = {isa = PBXBuildFile; fileRef = 15C1E14F238833D100FC5379 /* Preview Assets.xcassets */; };
		15C1E153238833D100FC5379 /* LaunchScreen.storyboard in Resources */ = {isa = PBXBuildFile; fileRef = 15C1E151238833D100FC5379 /* LaunchScreen.storyboard */; };
		15C1E15E238833D100FC5379 /* NIBM_ArticleTests.swift in Sources */ = {isa = PBXBuildFile; fileRef = 15C1E15D238833D100FC5379 /* NIBM_ArticleTests.swift */; };
		15C1E169238833D100FC5379 /* NIBM_ArticleUITests.swift in Sources */ = {isa = PBXBuildFile; fileRef = 15C1E168238833D100FC5379 /* NIBM_ArticleUITests.swift */; };
		15C1E177238834FF00FC5379 /* main.storyboard in Resources */ = {isa = PBXBuildFile; fileRef = 15C1E176238834FF00FC5379 /* main.storyboard */; };
		15C1E17A2388352600FC5379 /* Login.storyboard in Resources */ = {isa = PBXBuildFile; fileRef = 15C1E1792388352600FC5379 /* Login.storyboard */; };
		15C1E17C238838DB00FC5379 /* LoginViewController.swift in Sources */ = {isa = PBXBuildFile; fileRef = 15C1E17B238838DB00FC5379 /* LoginViewController.swift */; };
		15C1E17E238838F500FC5379 /* SignUpViewController.swift in Sources */ = {isa = PBXBuildFile; fileRef = 15C1E17D238838F500FC5379 /* SignUpViewController.swift */; };
		15C1E1842388544F00FC5379 /* GoogleService-Info.plist in Resources */ = {isa = PBXBuildFile; fileRef = 15C1E1832388544F00FC5379 /* GoogleService-Info.plist */; };
		15C1E19E23885A6500FC5379 /* HomeTableViewController.swift in Sources */ = {isa = PBXBuildFile; fileRef = 15C1E19D23885A6500FC5379 /* HomeTableViewController.swift */; };
		15C1E1A123885A8600FC5379 /* ArticleTableViewCell.swift in Sources */ = {isa = PBXBuildFile; fileRef = 15C1E19F23885A8600FC5379 /* ArticleTableViewCell.swift */; };
		15C1E1A223885A8600FC5379 /* ArticleTableViewCell.xib in Resources */ = {isa = PBXBuildFile; fileRef = 15C1E1A023885A8600FC5379 /* ArticleTableViewCell.xib */; };
		15C1E1A423885A9D00FC5379 /* ImagePicker.swift in Sources */ = {isa = PBXBuildFile; fileRef = 15C1E1A323885A9D00FC5379 /* ImagePicker.swift */; };
		15C1E1A623885AC500FC5379 /* CreateNewPostViewController.swift in Sources */ = {isa = PBXBuildFile; fileRef = 15C1E1A523885AC500FC5379 /* CreateNewPostViewController.swift */; };
		15C1E1A823885ADC00FC5379 /* MyProfileViewController.swift in Sources */ = {isa = PBXBuildFile; fileRef = 15C1E1A723885ADC00FC5379 /* MyProfileViewController.swift */; };
		15C1E1AB23885AF200FC5379 /* SingleArticleViewController.swift in Sources */ = {isa = PBXBuildFile; fileRef = 15C1E1A923885AF200FC5379 /* SingleArticleViewController.swift */; };
		15C1E1AC23885AF200FC5379 /* SingleArticleViewController.xib in Resources */ = {isa = PBXBuildFile; fileRef = 15C1E1AA23885AF200FC5379 /* SingleArticleViewController.xib */; };
		15C1E1AF23885B0400FC5379 /* UserViewController.swift in Sources */ = {isa = PBXBuildFile; fileRef = 15C1E1AD23885B0400FC5379 /* UserViewController.swift */; };
		15C1E1B023885B0400FC5379 /* UserViewController.xib in Resources */ = {isa = PBXBuildFile; fileRef = 15C1E1AE23885B0400FC5379 /* UserViewController.xib */; };
		15C1E1B323885B1900FC5379 /* EditPostViewController.swift in Sources */ = {isa = PBXBuildFile; fileRef = 15C1E1B123885B1900FC5379 /* EditPostViewController.swift */; };
		15C1E1B423885B1900FC5379 /* EditPostViewController.xib in Resources */ = {isa = PBXBuildFile; fileRef = 15C1E1B223885B1900FC5379 /* EditPostViewController.xib */; };
		15C1E1B623885B7800FC5379 /* TabbedBarViewController.swift in Sources */ = {isa = PBXBuildFile; fileRef = 15C1E1B523885B7800FC5379 /* TabbedBarViewController.swift */; };
		885190BA0EC06E4FF324A7AA /* Pods_NIBM_Article_NIBM_ArticleUITests.framework in Frameworks */ = {isa = PBXBuildFile; fileRef = 02868DCAF77FFE448458DBA1 /* Pods_NIBM_Article_NIBM_ArticleUITests.framework */; };
		B4D5F65687E56A3B089B6170 /* Pods_NIBM_Article.framework in Frameworks */ = {isa = PBXBuildFile; fileRef = 2BFC1FCFB8B322F14CB5B492 /* Pods_NIBM_Article.framework */; };
		C7B0A9C6CCA4355F777AE2D3 /* Pods_NIBM_ArticleTests.framework in Frameworks */ = {isa = PBXBuildFile; fileRef = F95D2954B2766B9501DFD679 /* Pods_NIBM_ArticleTests.framework */; };
/* End PBXBuildFile section */

/* Begin PBXContainerItemProxy section */
		15C1E15A238833D100FC5379 /* PBXContainerItemProxy */ = {
			isa = PBXContainerItemProxy;
			containerPortal = 15C1E138238833D000FC5379 /* Project object */;
			proxyType = 1;
			remoteGlobalIDString = 15C1E13F238833D000FC5379;
			remoteInfo = NIBM_Article;
		};
		15C1E165238833D100FC5379 /* PBXContainerItemProxy */ = {
			isa = PBXContainerItemProxy;
			containerPortal = 15C1E138238833D000FC5379 /* Project object */;
			proxyType = 1;
			remoteGlobalIDString = 15C1E13F238833D000FC5379;
			remoteInfo = NIBM_Article;
		};
/* End PBXContainerItemProxy section */

/* Begin PBXFileReference section */
		02868DCAF77FFE448458DBA1 /* Pods_NIBM_Article_NIBM_ArticleUITests.framework */ = {isa = PBXFileReference; explicitFileType = wrapper.framework; includeInIndex = 0; path = Pods_NIBM_Article_NIBM_ArticleUITests.framework; sourceTree = BUILT_PRODUCTS_DIR; };
		15C1E140238833D000FC5379 /* NIBM_Article.app */ = {isa = PBXFileReference; explicitFileType = wrapper.application; includeInIndex = 0; path = NIBM_Article.app; sourceTree = BUILT_PRODUCTS_DIR; };
		15C1E143238833D000FC5379 /* AppDelegate.swift */ = {isa = PBXFileReference; lastKnownFileType = sourcecode.swift; path = AppDelegate.swift; sourceTree = "<group>"; };
		15C1E145238833D000FC5379 /* SceneDelegate.swift */ = {isa = PBXFileReference; lastKnownFileType = sourcecode.swift; path = SceneDelegate.swift; sourceTree = "<group>"; };
		15C1E148238833D000FC5379 /* NIBM_Article.xcdatamodel */ = {isa = PBXFileReference; lastKnownFileType = wrapper.xcdatamodel; path = NIBM_Article.xcdatamodel; sourceTree = "<group>"; };
		15C1E14A238833D000FC5379 /* ContentView.swift */ = {isa = PBXFileReference; lastKnownFileType = sourcecode.swift; path = ContentView.swift; sourceTree = "<group>"; };
		15C1E14C238833D100FC5379 /* Assets.xcassets */ = {isa = PBXFileReference; lastKnownFileType = folder.assetcatalog; path = Assets.xcassets; sourceTree = "<group>"; };
		15C1E14F238833D100FC5379 /* Preview Assets.xcassets */ = {isa = PBXFileReference; lastKnownFileType = folder.assetcatalog; path = "Preview Assets.xcassets"; sourceTree = "<group>"; };
		15C1E152238833D100FC5379 /* Base */ = {isa = PBXFileReference; lastKnownFileType = file.storyboard; name = Base; path = Base.lproj/LaunchScreen.storyboard; sourceTree = "<group>"; };
		15C1E154238833D100FC5379 /* Info.plist */ = {isa = PBXFileReference; lastKnownFileType = text.plist.xml; path = Info.plist; sourceTree = "<group>"; };
		15C1E159238833D100FC5379 /* NIBM_ArticleTests.xctest */ = {isa = PBXFileReference; explicitFileType = wrapper.cfbundle; includeInIndex = 0; path = NIBM_ArticleTests.xctest; sourceTree = BUILT_PRODUCTS_DIR; };
		15C1E15D238833D100FC5379 /* NIBM_ArticleTests.swift */ = {isa = PBXFileReference; lastKnownFileType = sourcecode.swift; path = NIBM_ArticleTests.swift; sourceTree = "<group>"; };
		15C1E15F238833D100FC5379 /* Info.plist */ = {isa = PBXFileReference; lastKnownFileType = text.plist.xml; path = Info.plist; sourceTree = "<group>"; };
		15C1E164238833D100FC5379 /* NIBM_ArticleUITests.xctest */ = {isa = PBXFileReference; explicitFileType = wrapper.cfbundle; includeInIndex = 0; path = NIBM_ArticleUITests.xctest; sourceTree = BUILT_PRODUCTS_DIR; };
		15C1E168238833D100FC5379 /* NIBM_ArticleUITests.swift */ = {isa = PBXFileReference; lastKnownFileType = sourcecode.swift; path = NIBM_ArticleUITests.swift; sourceTree = "<group>"; };
		15C1E16A238833D100FC5379 /* Info.plist */ = {isa = PBXFileReference; lastKnownFileType = text.plist.xml; path = Info.plist; sourceTree = "<group>"; };
		15C1E176238834FF00FC5379 /* main.storyboard */ = {isa = PBXFileReference; lastKnownFileType = file.storyboard; path = main.storyboard; sourceTree = "<group>"; };
		15C1E1792388352600FC5379 /* Login.storyboard */ = {isa = PBXFileReference; lastKnownFileType = file.storyboard; path = Login.storyboard; sourceTree = "<group>"; };
		15C1E17B238838DB00FC5379 /* LoginViewController.swift */ = {isa = PBXFileReference; lastKnownFileType = sourcecode.swift; path = LoginViewController.swift; sourceTree = "<group>"; };
		15C1E17D238838F500FC5379 /* SignUpViewController.swift */ = {isa = PBXFileReference; lastKnownFileType = sourcecode.swift; path = SignUpViewController.swift; sourceTree = "<group>"; };
		15C1E1832388544F00FC5379 /* GoogleService-Info.plist */ = {isa = PBXFileReference; fileEncoding = 4; lastKnownFileType = text.plist.xml; path = "GoogleService-Info.plist"; sourceTree = "<group>"; };
		15C1E19D23885A6500FC5379 /* HomeTableViewController.swift */ = {isa = PBXFileReference; lastKnownFileType = sourcecode.swift; path = HomeTableViewController.swift; sourceTree = "<group>"; };
		15C1E19F23885A8600FC5379 /* ArticleTableViewCell.swift */ = {isa = PBXFileReference; lastKnownFileType = sourcecode.swift; path = ArticleTableViewCell.swift; sourceTree = "<group>"; };
		15C1E1A023885A8600FC5379 /* ArticleTableViewCell.xib */ = {isa = PBXFileReference; lastKnownFileType = file.xib; path = ArticleTableViewCell.xib; sourceTree = "<group>"; };
		15C1E1A323885A9D00FC5379 /* ImagePicker.swift */ = {isa = PBXFileReference; lastKnownFileType = sourcecode.swift; path = ImagePicker.swift; sourceTree = "<group>"; };
		15C1E1A523885AC500FC5379 /* CreateNewPostViewController.swift */ = {isa = PBXFileReference; lastKnownFileType = sourcecode.swift; path = CreateNewPostViewController.swift; sourceTree = "<group>"; };
		15C1E1A723885ADC00FC5379 /* MyProfileViewController.swift */ = {isa = PBXFileReference; lastKnownFileType = sourcecode.swift; path = MyProfileViewController.swift; sourceTree = "<group>"; };
		15C1E1A923885AF200FC5379 /* SingleArticleViewController.swift */ = {isa = PBXFileReference; lastKnownFileType = sourcecode.swift; path = SingleArticleViewController.swift; sourceTree = "<group>"; };
		15C1E1AA23885AF200FC5379 /* SingleArticleViewController.xib */ = {isa = PBXFileReference; lastKnownFileType = file.xib; path = SingleArticleViewController.xib; sourceTree = "<group>"; };
		15C1E1AD23885B0400FC5379 /* UserViewController.swift */ = {isa = PBXFileReference; lastKnownFileType = sourcecode.swift; path = UserViewController.swift; sourceTree = "<group>"; };
		15C1E1AE23885B0400FC5379 /* UserViewController.xib */ = {isa = PBXFileReference; lastKnownFileType = file.xib; path = UserViewController.xib; sourceTree = "<group>"; };
		15C1E1B123885B1900FC5379 /* EditPostViewController.swift */ = {isa = PBXFileReference; lastKnownFileType = sourcecode.swift; path = EditPostViewController.swift; sourceTree = "<group>"; };
		15C1E1B223885B1900FC5379 /* EditPostViewController.xib */ = {isa = PBXFileReference; lastKnownFileType = file.xib; path = EditPostViewController.xib; sourceTree = "<group>"; };
		15C1E1B523885B7800FC5379 /* TabbedBarViewController.swift */ = {isa = PBXFileReference; lastKnownFileType = sourcecode.swift; path = TabbedBarViewController.swift; sourceTree = "<group>"; };
		2BFC1FCFB8B322F14CB5B492 /* Pods_NIBM_Article.framework */ = {isa = PBXFileReference; explicitFileType = wrapper.framework; includeInIndex = 0; path = Pods_NIBM_Article.framework; sourceTree = BUILT_PRODUCTS_DIR; };
		498EC9299171C4C80BD27EB8 /* Pods-NIBM_Article-NIBM_ArticleUITests.release.xcconfig */ = {isa = PBXFileReference; includeInIndex = 1; lastKnownFileType = text.xcconfig; name = "Pods-NIBM_Article-NIBM_ArticleUITests.release.xcconfig"; path = "Target Support Files/Pods-NIBM_Article-NIBM_ArticleUITests/Pods-NIBM_Article-NIBM_ArticleUITests.release.xcconfig"; sourceTree = "<group>"; };
		52FB006A91C0324A2A3A66A5 /* Pods-NIBM_Article-NIBM_ArticleUITests.debug.xcconfig */ = {isa = PBXFileReference; includeInIndex = 1; lastKnownFileType = text.xcconfig; name = "Pods-NIBM_Article-NIBM_ArticleUITests.debug.xcconfig"; path = "Target Support Files/Pods-NIBM_Article-NIBM_ArticleUITests/Pods-NIBM_Article-NIBM_ArticleUITests.debug.xcconfig"; sourceTree = "<group>"; };
		88F1E7BA7D172C58D2E24670 /* Pods-NIBM_Article.debug.xcconfig */ = {isa = PBXFileReference; includeInIndex = 1; lastKnownFileType = text.xcconfig; name = "Pods-NIBM_Article.debug.xcconfig"; path = "Target Support Files/Pods-NIBM_Article/Pods-NIBM_Article.debug.xcconfig"; sourceTree = "<group>"; };
		B7FFE191F6A1E1E8A455996C /* Pods-NIBM_ArticleTests.debug.xcconfig */ = {isa = PBXFileReference; includeInIndex = 1; lastKnownFileType = text.xcconfig; name = "Pods-NIBM_ArticleTests.debug.xcconfig"; path = "Target Support Files/Pods-NIBM_ArticleTests/Pods-NIBM_ArticleTests.debug.xcconfig"; sourceTree = "<group>"; };
		DC6F2C1710565D372D50DD8D /* Pods-NIBM_Article.release.xcconfig */ = {isa = PBXFileReference; includeInIndex = 1; lastKnownFileType = text.xcconfig; name = "Pods-NIBM_Article.release.xcconfig"; path = "Target Support Files/Pods-NIBM_Article/Pods-NIBM_Article.release.xcconfig"; sourceTree = "<group>"; };
		F4DB494FD4A593927F052A29 /* Pods-NIBM_ArticleTests.release.xcconfig */ = {isa = PBXFileReference; includeInIndex = 1; lastKnownFileType = text.xcconfig; name = "Pods-NIBM_ArticleTests.release.xcconfig"; path = "Target Support Files/Pods-NIBM_ArticleTests/Pods-NIBM_ArticleTests.release.xcconfig"; sourceTree = "<group>"; };
		F95D2954B2766B9501DFD679 /* Pods_NIBM_ArticleTests.framework */ = {isa = PBXFileReference; explicitFileType = wrapper.framework; includeInIndex = 0; path = Pods_NIBM_ArticleTests.framework; sourceTree = BUILT_PRODUCTS_DIR; };
/* End PBXFileReference section */

/* Begin PBXFrameworksBuildPhase section */
		15C1E13D238833D000FC5379 /* Frameworks */ = {
			isa = PBXFrameworksBuildPhase;
			buildActionMask = 2147483647;
			files = (
				B4D5F65687E56A3B089B6170 /* Pods_NIBM_Article.framework in Frameworks */,
			);
			runOnlyForDeploymentPostprocessing = 0;
		};
		15C1E156238833D100FC5379 /* Frameworks */ = {
			isa = PBXFrameworksBuildPhase;
			buildActionMask = 2147483647;
			files = (
				C7B0A9C6CCA4355F777AE2D3 /* Pods_NIBM_ArticleTests.framework in Frameworks */,
			);
			runOnlyForDeploymentPostprocessing = 0;
		};
		15C1E161238833D100FC5379 /* Frameworks */ = {
			isa = PBXFrameworksBuildPhase;
			buildActionMask = 2147483647;
			files = (
				885190BA0EC06E4FF324A7AA /* Pods_NIBM_Article_NIBM_ArticleUITests.framework in Frameworks */,
			);
			runOnlyForDeploymentPostprocessing = 0;
		};
/* End PBXFrameworksBuildPhase section */

/* Begin PBXGroup section */
		15C1E137238833D000FC5379 = {
			isa = PBXGroup;
			children = (
				15C1E142238833D000FC5379 /* NIBM_Article */,
				15C1E15C238833D100FC5379 /* NIBM_ArticleTests */,
				15C1E167238833D100FC5379 /* NIBM_ArticleUITests */,
				15C1E141238833D000FC5379 /* Products */,
				89D7627DF62A40040FF43FD0 /* Pods */,
				9443D7FD3544ED8C2A4732C8 /* Frameworks */,
			);
			sourceTree = "<group>";
		};
		15C1E141238833D000FC5379 /* Products */ = {
			isa = PBXGroup;
			children = (
				15C1E140238833D000FC5379 /* NIBM_Article.app */,
				15C1E159238833D100FC5379 /* NIBM_ArticleTests.xctest */,
				15C1E164238833D100FC5379 /* NIBM_ArticleUITests.xctest */,
			);
			name = Products;
			sourceTree = "<group>";
		};
		15C1E142238833D000FC5379 /* NIBM_Article */ = {
			isa = PBXGroup;
			children = (
				15C1E1782388351500FC5379 /* Login */,
				15C1E143238833D000FC5379 /* AppDelegate.swift */,
				15C1E145238833D000FC5379 /* SceneDelegate.swift */,
				15C1E14A238833D000FC5379 /* ContentView.swift */,
				15C1E14C238833D100FC5379 /* Assets.xcassets */,
				15C1E151238833D100FC5379 /* LaunchScreen.storyboard */,
				15C1E154238833D100FC5379 /* Info.plist */,
				15C1E1832388544F00FC5379 /* GoogleService-Info.plist */,
				15C1E147238833D000FC5379 /* NIBM_Article.xcdatamodeld */,
				15C1E14E238833D100FC5379 /* Preview Content */,
				15C1E176238834FF00FC5379 /* main.storyboard */,
				15C1E19D23885A6500FC5379 /* HomeTableViewController.swift */,
				15C1E19F23885A8600FC5379 /* ArticleTableViewCell.swift */,
				15C1E1A023885A8600FC5379 /* ArticleTableViewCell.xib */,
				15C1E1A323885A9D00FC5379 /* ImagePicker.swift */,
				15C1E1A523885AC500FC5379 /* CreateNewPostViewController.swift */,
				15C1E1A723885ADC00FC5379 /* MyProfileViewController.swift */,
				15C1E1A923885AF200FC5379 /* SingleArticleViewController.swift */,
				15C1E1AA23885AF200FC5379 /* SingleArticleViewController.xib */,
				15C1E1AD23885B0400FC5379 /* UserViewController.swift */,
				15C1E1AE23885B0400FC5379 /* UserViewController.xib */,
				15C1E1B123885B1900FC5379 /* EditPostViewController.swift */,
				15C1E1B223885B1900FC5379 /* EditPostViewController.xib */,
				15C1E1B523885B7800FC5379 /* TabbedBarViewController.swift */,
			);
			path = NIBM_Article;
			sourceTree = "<group>";
		};
		15C1E14E238833D100FC5379 /* Preview Content */ = {
			isa = PBXGroup;
			children = (
				15C1E14F238833D100FC5379 /* Preview Assets.xcassets */,
			);
			path = "Preview Content";
			sourceTree = "<group>";
		};
		15C1E15C238833D100FC5379 /* NIBM_ArticleTests */ = {
			isa = PBXGroup;
			children = (
				15C1E15D238833D100FC5379 /* NIBM_ArticleTests.swift */,
				15C1E15F238833D100FC5379 /* Info.plist */,
			);
			path = NIBM_ArticleTests;
			sourceTree = "<group>";
		};
		15C1E167238833D100FC5379 /* NIBM_ArticleUITests */ = {
			isa = PBXGroup;
			children = (
				15C1E168238833D100FC5379 /* NIBM_ArticleUITests.swift */,
				15C1E16A238833D100FC5379 /* Info.plist */,
			);
			path = NIBM_ArticleUITests;
			sourceTree = "<group>";
		};
		15C1E1782388351500FC5379 /* Login */ = {
			isa = PBXGroup;
			children = (
				15C1E1792388352600FC5379 /* Login.storyboard */,
				15C1E17B238838DB00FC5379 /* LoginViewController.swift */,
				15C1E17D238838F500FC5379 /* SignUpViewController.swift */,
			);
			path = Login;
			sourceTree = "<group>";
		};
		89D7627DF62A40040FF43FD0 /* Pods */ = {
			isa = PBXGroup;
			children = (
				88F1E7BA7D172C58D2E24670 /* Pods-NIBM_Article.debug.xcconfig */,
				DC6F2C1710565D372D50DD8D /* Pods-NIBM_Article.release.xcconfig */,
				52FB006A91C0324A2A3A66A5 /* Pods-NIBM_Article-NIBM_ArticleUITests.debug.xcconfig */,
				498EC9299171C4C80BD27EB8 /* Pods-NIBM_Article-NIBM_ArticleUITests.release.xcconfig */,
				B7FFE191F6A1E1E8A455996C /* Pods-NIBM_ArticleTests.debug.xcconfig */,
				F4DB494FD4A593927F052A29 /* Pods-NIBM_ArticleTests.release.xcconfig */,
			);
			path = Pods;
			sourceTree = "<group>";
		};
		9443D7FD3544ED8C2A4732C8 /* Frameworks */ = {
			isa = PBXGroup;
			children = (
				2BFC1FCFB8B322F14CB5B492 /* Pods_NIBM_Article.framework */,
				02868DCAF77FFE448458DBA1 /* Pods_NIBM_Article_NIBM_ArticleUITests.framework */,
				F95D2954B2766B9501DFD679 /* Pods_NIBM_ArticleTests.framework */,
			);
			name = Frameworks;
			sourceTree = "<group>";
		};
/* End PBXGroup section */

/* Begin PBXNativeTarget section */
		15C1E13F238833D000FC5379 /* NIBM_Article */ = {
			isa = PBXNativeTarget;
			buildConfigurationList = 15C1E16D238833D100FC5379 /* Build configuration list for PBXNativeTarget "NIBM_Article" */;
			buildPhases = (
				C30A36B6BAEB40BAC09D24E1 /* [CP] Check Pods Manifest.lock */,
				15C1E13C238833D000FC5379 /* Sources */,
				15C1E13D238833D000FC5379 /* Frameworks */,
				15C1E13E238833D000FC5379 /* Resources */,
				781B21EBFB19EE6F9AEF653D /* [CP] Embed Pods Frameworks */,
			);
			buildRules = (
			);
			dependencies = (
			);
			name = NIBM_Article;
			productName = NIBM_Article;
			productReference = 15C1E140238833D000FC5379 /* NIBM_Article.app */;
			productType = "com.apple.product-type.application";
		};
		15C1E158238833D100FC5379 /* NIBM_ArticleTests */ = {
			isa = PBXNativeTarget;
			buildConfigurationList = 15C1E170238833D100FC5379 /* Build configuration list for PBXNativeTarget "NIBM_ArticleTests" */;
			buildPhases = (
				30FA71BC7EF4EC93851AC525 /* [CP] Check Pods Manifest.lock */,
				15C1E155238833D100FC5379 /* Sources */,
				15C1E156238833D100FC5379 /* Frameworks */,
				15C1E157238833D100FC5379 /* Resources */,
			);
			buildRules = (
			);
			dependencies = (
				15C1E15B238833D100FC5379 /* PBXTargetDependency */,
			);
			name = NIBM_ArticleTests;
			productName = NIBM_ArticleTests;
			productReference = 15C1E159238833D100FC5379 /* NIBM_ArticleTests.xctest */;
			productType = "com.apple.product-type.bundle.unit-test";
		};
		15C1E163238833D100FC5379 /* NIBM_ArticleUITests */ = {
			isa = PBXNativeTarget;
			buildConfigurationList = 15C1E173238833D100FC5379 /* Build configuration list for PBXNativeTarget "NIBM_ArticleUITests" */;
			buildPhases = (
				25457CFA6A804DCE0973E4EB /* [CP] Check Pods Manifest.lock */,
				15C1E160238833D100FC5379 /* Sources */,
				15C1E161238833D100FC5379 /* Frameworks */,
				15C1E162238833D100FC5379 /* Resources */,
				BEB978EC01420DDE28AF6E95 /* [CP] Embed Pods Frameworks */,
			);
			buildRules = (
			);
			dependencies = (
				15C1E166238833D100FC5379 /* PBXTargetDependency */,
			);
			name = NIBM_ArticleUITests;
			productName = NIBM_ArticleUITests;
			productReference = 15C1E164238833D100FC5379 /* NIBM_ArticleUITests.xctest */;
			productType = "com.apple.product-type.bundle.ui-testing";
		};
/* End PBXNativeTarget section */

/* Begin PBXProject section */
		15C1E138238833D000FC5379 /* Project object */ = {
			isa = PBXProject;
			attributes = {
				LastSwiftUpdateCheck = 1120;
				LastUpgradeCheck = 1120;
				ORGANIZATIONNAME = NIBM;
				TargetAttributes = {
					15C1E13F238833D000FC5379 = {
						CreatedOnToolsVersion = 11.2;
					};
					15C1E158238833D100FC5379 = {
						CreatedOnToolsVersion = 11.2;
						TestTargetID = 15C1E13F238833D000FC5379;
					};
					15C1E163238833D100FC5379 = {
						CreatedOnToolsVersion = 11.2;
						TestTargetID = 15C1E13F238833D000FC5379;
					};
				};
			};
			buildConfigurationList = 15C1E13B238833D000FC5379 /* Build configuration list for PBXProject "NIBM_Article" */;
			compatibilityVersion = "Xcode 9.3";
			developmentRegion = en;
			hasScannedForEncodings = 0;
			knownRegions = (
				en,
				Base,
			);
			mainGroup = 15C1E137238833D000FC5379;
			productRefGroup = 15C1E141238833D000FC5379 /* Products */;
			projectDirPath = "";
			projectRoot = "";
			targets = (
				15C1E13F238833D000FC5379 /* NIBM_Article */,
				15C1E158238833D100FC5379 /* NIBM_ArticleTests */,
				15C1E163238833D100FC5379 /* NIBM_ArticleUITests */,
			);
		};
/* End PBXProject section */

/* Begin PBXResourcesBuildPhase section */
		15C1E13E238833D000FC5379 /* Resources */ = {
			isa = PBXResourcesBuildPhase;
			buildActionMask = 2147483647;
			files = (
				15C1E153238833D100FC5379 /* LaunchScreen.storyboard in Resources */,
				15C1E1B023885B0400FC5379 /* UserViewController.xib in Resources */,
				15C1E150238833D100FC5379 /* Preview Assets.xcassets in Resources */,
				15C1E14D238833D100FC5379 /* Assets.xcassets in Resources */,
				15C1E1B423885B1900FC5379 /* EditPostViewController.xib in Resources */,
				15C1E17A2388352600FC5379 /* Login.storyboard in Resources */,
				15C1E1A223885A8600FC5379 /* ArticleTableViewCell.xib in Resources */,
				15C1E1AC23885AF200FC5379 /* SingleArticleViewController.xib in Resources */,
				15C1E177238834FF00FC5379 /* main.storyboard in Resources */,
				15C1E1842388544F00FC5379 /* GoogleService-Info.plist in Resources */,
			);
			runOnlyForDeploymentPostprocessing = 0;
		};
		15C1E157238833D100FC5379 /* Resources */ = {
			isa = PBXResourcesBuildPhase;
			buildActionMask = 2147483647;
			files = (
			);
			runOnlyForDeploymentPostprocessing = 0;
		};
		15C1E162238833D100FC5379 /* Resources */ = {
			isa = PBXResourcesBuildPhase;
			buildActionMask = 2147483647;
			files = (
			);
			runOnlyForDeploymentPostprocessing = 0;
		};
/* End PBXResourcesBuildPhase section */

/* Begin PBXShellScriptBuildPhase section */
		25457CFA6A804DCE0973E4EB /* [CP] Check Pods Manifest.lock */ = {
			isa = PBXShellScriptBuildPhase;
			buildActionMask = 2147483647;
			files = (
			);
			inputFileListPaths = (
			);
			inputPaths = (
				"${PODS_PODFILE_DIR_PATH}/Podfile.lock",
				"${PODS_ROOT}/Manifest.lock",
			);
			name = "[CP] Check Pods Manifest.lock";
			outputFileListPaths = (
			);
			outputPaths = (
				"$(DERIVED_FILE_DIR)/Pods-NIBM_Article-NIBM_ArticleUITests-checkManifestLockResult.txt",
			);
			runOnlyForDeploymentPostprocessing = 0;
			shellPath = /bin/sh;
			shellScript = "diff \"${PODS_PODFILE_DIR_PATH}/Podfile.lock\" \"${PODS_ROOT}/Manifest.lock\" > /dev/null\nif [ $? != 0 ] ; then\n    # print error to STDERR\n    echo \"error: The sandbox is not in sync with the Podfile.lock. Run 'pod install' or update your CocoaPods installation.\" >&2\n    exit 1\nfi\n# This output is used by Xcode 'outputs' to avoid re-running this script phase.\necho \"SUCCESS\" > \"${SCRIPT_OUTPUT_FILE_0}\"\n";
			showEnvVarsInLog = 0;
		};
		30FA71BC7EF4EC93851AC525 /* [CP] Check Pods Manifest.lock */ = {
			isa = PBXShellScriptBuildPhase;
			buildActionMask = 2147483647;
			files = (
			);
			inputFileListPaths = (
			);
			inputPaths = (
				"${PODS_PODFILE_DIR_PATH}/Podfile.lock",
				"${PODS_ROOT}/Manifest.lock",
			);
			name = "[CP] Check Pods Manifest.lock";
			outputFileListPaths = (
			);
			outputPaths = (
				"$(DERIVED_FILE_DIR)/Pods-NIBM_ArticleTests-checkManifestLockResult.txt",
			);
			runOnlyForDeploymentPostprocessing = 0;
			shellPath = /bin/sh;
			shellScript = "diff \"${PODS_PODFILE_DIR_PATH}/Podfile.lock\" \"${PODS_ROOT}/Manifest.lock\" > /dev/null\nif [ $? != 0 ] ; then\n    # print error to STDERR\n    echo \"error: The sandbox is not in sync with the Podfile.lock. Run 'pod install' or update your CocoaPods installation.\" >&2\n    exit 1\nfi\n# This output is used by Xcode 'outputs' to avoid re-running this script phase.\necho \"SUCCESS\" > \"${SCRIPT_OUTPUT_FILE_0}\"\n";
			showEnvVarsInLog = 0;
		};
		781B21EBFB19EE6F9AEF653D /* [CP] Embed Pods Frameworks */ = {
			isa = PBXShellScriptBuildPhase;
			buildActionMask = 2147483647;
			files = (
			);
			inputFileListPaths = (
				"${PODS_ROOT}/Target Support Files/Pods-NIBM_Article/Pods-NIBM_Article-frameworks-${CONFIGURATION}-input-files.xcfilelist",
			);
			name = "[CP] Embed Pods Frameworks";
			outputFileListPaths = (
				"${PODS_ROOT}/Target Support Files/Pods-NIBM_Article/Pods-NIBM_Article-frameworks-${CONFIGURATION}-output-files.xcfilelist",
			);
			runOnlyForDeploymentPostprocessing = 0;
			shellPath = /bin/sh;
			shellScript = "\"${PODS_ROOT}/Target Support Files/Pods-NIBM_Article/Pods-NIBM_Article-frameworks.sh\"\n";
			showEnvVarsInLog = 0;
		};
		BEB978EC01420DDE28AF6E95 /* [CP] Embed Pods Frameworks */ = {
			isa = PBXShellScriptBuildPhase;
			buildActionMask = 2147483647;
			files = (
			);
			inputFileListPaths = (
				"${PODS_ROOT}/Target Support Files/Pods-NIBM_Article-NIBM_ArticleUITests/Pods-NIBM_Article-NIBM_ArticleUITests-frameworks-${CONFIGURATION}-input-files.xcfilelist",
			);
			name = "[CP] Embed Pods Frameworks";
			outputFileListPaths = (
				"${PODS_ROOT}/Target Support Files/Pods-NIBM_Article-NIBM_ArticleUITests/Pods-NIBM_Article-NIBM_ArticleUITests-frameworks-${CONFIGURATION}-output-files.xcfilelist",
			);
			runOnlyForDeploymentPostprocessing = 0;
			shellPath = /bin/sh;
			shellScript = "\"${PODS_ROOT}/Target Support Files/Pods-NIBM_Article-NIBM_ArticleUITests/Pods-NIBM_Article-NIBM_ArticleUITests-frameworks.sh\"\n";
			showEnvVarsInLog = 0;
		};
		C30A36B6BAEB40BAC09D24E1 /* [CP] Check Pods Manifest.lock */ = {
			isa = PBXShellScriptBuildPhase;
			buildActionMask = 2147483647;
			files = (
			);
			inputFileListPaths = (
			);
			inputPaths = (
				"${PODS_PODFILE_DIR_PATH}/Podfile.lock",
				"${PODS_ROOT}/Manifest.lock",
			);
			name = "[CP] Check Pods Manifest.lock";
			outputFileListPaths = (
			);
			outputPaths = (
				"$(DERIVED_FILE_DIR)/Pods-NIBM_Article-checkManifestLockResult.txt",
			);
			runOnlyForDeploymentPostprocessing = 0;
			shellPath = /bin/sh;
			shellScript = "diff \"${PODS_PODFILE_DIR_PATH}/Podfile.lock\" \"${PODS_ROOT}/Manifest.lock\" > /dev/null\nif [ $? != 0 ] ; then\n    # print error to STDERR\n    echo \"error: The sandbox is not in sync with the Podfile.lock. Run 'pod install' or update your CocoaPods installation.\" >&2\n    exit 1\nfi\n# This output is used by Xcode 'outputs' to avoid re-running this script phase.\necho \"SUCCESS\" > \"${SCRIPT_OUTPUT_FILE_0}\"\n";
			showEnvVarsInLog = 0;
		};
/* End PBXShellScriptBuildPhase section */

/* Begin PBXSourcesBuildPhase section */
		15C1E13C238833D000FC5379 /* Sources */ = {
			isa = PBXSourcesBuildPhase;
			buildActionMask = 2147483647;
			files = (
				15C1E17E238838F500FC5379 /* SignUpViewController.swift in Sources */,
				15C1E144238833D000FC5379 /* AppDelegate.swift in Sources */,
				15C1E1AF23885B0400FC5379 /* UserViewController.swift in Sources */,
				15C1E146238833D000FC5379 /* SceneDelegate.swift in Sources */,
				15C1E1AB23885AF200FC5379 /* SingleArticleViewController.swift in Sources */,
				15C1E1B623885B7800FC5379 /* TabbedBarViewController.swift in Sources */,
				15C1E1A423885A9D00FC5379 /* ImagePicker.swift in Sources */,
				15C1E1A823885ADC00FC5379 /* MyProfileViewController.swift in Sources */,
				15C1E14B238833D000FC5379 /* ContentView.swift in Sources */,
				15C1E1B323885B1900FC5379 /* EditPostViewController.swift in Sources */,
				15C1E1A123885A8600FC5379 /* ArticleTableViewCell.swift in Sources */,
				15C1E19E23885A6500FC5379 /* HomeTableViewController.swift in Sources */,
				15C1E17C238838DB00FC5379 /* LoginViewController.swift in Sources */,
				15C1E149238833D000FC5379 /* NIBM_Article.xcdatamodeld in Sources */,
				15C1E1A623885AC500FC5379 /* CreateNewPostViewController.swift in Sources */,
			);
			runOnlyForDeploymentPostprocessing = 0;
		};
		15C1E155238833D100FC5379 /* Sources */ = {
			isa = PBXSourcesBuildPhase;
			buildActionMask = 2147483647;
			files = (
				15C1E15E238833D100FC5379 /* NIBM_ArticleTests.swift in Sources */,
			);
			runOnlyForDeploymentPostprocessing = 0;
		};
		15C1E160238833D100FC5379 /* Sources */ = {
			isa = PBXSourcesBuildPhase;
			buildActionMask = 2147483647;
			files = (
				15C1E169238833D100FC5379 /* NIBM_ArticleUITests.swift in Sources */,
			);
			runOnlyForDeploymentPostprocessing = 0;
		};
/* End PBXSourcesBuildPhase section */

/* Begin PBXTargetDependency section */
		15C1E15B238833D100FC5379 /* PBXTargetDependency */ = {
			isa = PBXTargetDependency;
			target = 15C1E13F238833D000FC5379 /* NIBM_Article */;
			targetProxy = 15C1E15A238833D100FC5379 /* PBXContainerItemProxy */;
		};
		15C1E166238833D100FC5379 /* PBXTargetDependency */ = {
			isa = PBXTargetDependency;
			target = 15C1E13F238833D000FC5379 /* NIBM_Article */;
			targetProxy = 15C1E165238833D100FC5379 /* PBXContainerItemProxy */;
		};
/* End PBXTargetDependency section */

/* Begin PBXVariantGroup section */
		15C1E151238833D100FC5379 /* LaunchScreen.storyboard */ = {
			isa = PBXVariantGroup;
			children = (
				15C1E152238833D100FC5379 /* Base */,
			);
			name = LaunchScreen.storyboard;
			sourceTree = "<group>";
		};
/* End PBXVariantGroup section */

/* Begin XCBuildConfiguration section */
		15C1E16B238833D100FC5379 /* Debug */ = {
			isa = XCBuildConfiguration;
			buildSettings = {
				ALWAYS_SEARCH_USER_PATHS = NO;
				CLANG_ANALYZER_NONNULL = YES;
				CLANG_ANALYZER_NUMBER_OBJECT_CONVERSION = YES_AGGRESSIVE;
				CLANG_CXX_LANGUAGE_STANDARD = "gnu++14";
				CLANG_CXX_LIBRARY = "libc++";
				CLANG_ENABLE_MODULES = YES;
				CLANG_ENABLE_OBJC_ARC = YES;
				CLANG_ENABLE_OBJC_WEAK = YES;
				CLANG_WARN_BLOCK_CAPTURE_AUTORELEASING = YES;
				CLANG_WARN_BOOL_CONVERSION = YES;
				CLANG_WARN_COMMA = YES;
				CLANG_WARN_CONSTANT_CONVERSION = YES;
				CLANG_WARN_DEPRECATED_OBJC_IMPLEMENTATIONS = YES;
				CLANG_WARN_DIRECT_OBJC_ISA_USAGE = YES_ERROR;
				CLANG_WARN_DOCUMENTATION_COMMENTS = YES;
				CLANG_WARN_EMPTY_BODY = YES;
				CLANG_WARN_ENUM_CONVERSION = YES;
				CLANG_WARN_INFINITE_RECURSION = YES;
				CLANG_WARN_INT_CONVERSION = YES;
				CLANG_WARN_NON_LITERAL_NULL_CONVERSION = YES;
				CLANG_WARN_OBJC_IMPLICIT_RETAIN_SELF = YES;
				CLANG_WARN_OBJC_LITERAL_CONVERSION = YES;
				CLANG_WARN_OBJC_ROOT_CLASS = YES_ERROR;
				CLANG_WARN_RANGE_LOOP_ANALYSIS = YES;
				CLANG_WARN_STRICT_PROTOTYPES = YES;
				CLANG_WARN_SUSPICIOUS_MOVE = YES;
				CLANG_WARN_UNGUARDED_AVAILABILITY = YES_AGGRESSIVE;
				CLANG_WARN_UNREACHABLE_CODE = YES;
				CLANG_WARN__DUPLICATE_METHOD_MATCH = YES;
				COPY_PHASE_STRIP = NO;
				DEBUG_INFORMATION_FORMAT = dwarf;
				ENABLE_STRICT_OBJC_MSGSEND = YES;
				ENABLE_TESTABILITY = YES;
				GCC_C_LANGUAGE_STANDARD = gnu11;
				GCC_DYNAMIC_NO_PIC = NO;
				GCC_NO_COMMON_BLOCKS = YES;
				GCC_OPTIMIZATION_LEVEL = 0;
				GCC_PREPROCESSOR_DEFINITIONS = (
					"DEBUG=1",
					"$(inherited)",
				);
				GCC_WARN_64_TO_32_BIT_CONVERSION = YES;
				GCC_WARN_ABOUT_RETURN_TYPE = YES_ERROR;
				GCC_WARN_UNDECLARED_SELECTOR = YES;
				GCC_WARN_UNINITIALIZED_AUTOS = YES_AGGRESSIVE;
				GCC_WARN_UNUSED_FUNCTION = YES;
				GCC_WARN_UNUSED_VARIABLE = YES;
				IPHONEOS_DEPLOYMENT_TARGET = 13.2;
				MTL_ENABLE_DEBUG_INFO = INCLUDE_SOURCE;
				MTL_FAST_MATH = YES;
				ONLY_ACTIVE_ARCH = YES;
				SDKROOT = iphoneos;
				SWIFT_ACTIVE_COMPILATION_CONDITIONS = DEBUG;
				SWIFT_OPTIMIZATION_LEVEL = "-Onone";
			};
			name = Debug;
		};
		15C1E16C238833D100FC5379 /* Release */ = {
			isa = XCBuildConfiguration;
			buildSettings = {
				ALWAYS_SEARCH_USER_PATHS = NO;
				CLANG_ANALYZER_NONNULL = YES;
				CLANG_ANALYZER_NUMBER_OBJECT_CONVERSION = YES_AGGRESSIVE;
				CLANG_CXX_LANGUAGE_STANDARD = "gnu++14";
				CLANG_CXX_LIBRARY = "libc++";
				CLANG_ENABLE_MODULES = YES;
				CLANG_ENABLE_OBJC_ARC = YES;
				CLANG_ENABLE_OBJC_WEAK = YES;
				CLANG_WARN_BLOCK_CAPTURE_AUTORELEASING = YES;
				CLANG_WARN_BOOL_CONVERSION = YES;
				CLANG_WARN_COMMA = YES;
				CLANG_WARN_CONSTANT_CONVERSION = YES;
				CLANG_WARN_DEPRECATED_OBJC_IMPLEMENTATIONS = YES;
				CLANG_WARN_DIRECT_OBJC_ISA_USAGE = YES_ERROR;
				CLANG_WARN_DOCUMENTATION_COMMENTS = YES;
				CLANG_WARN_EMPTY_BODY = YES;
				CLANG_WARN_ENUM_CONVERSION = YES;
				CLANG_WARN_INFINITE_RECURSION = YES;
				CLANG_WARN_INT_CONVERSION = YES;
				CLANG_WARN_NON_LITERAL_NULL_CONVERSION = YES;
				CLANG_WARN_OBJC_IMPLICIT_RETAIN_SELF = YES;
				CLANG_WARN_OBJC_LITERAL_CONVERSION = YES;
				CLANG_WARN_OBJC_ROOT_CLASS = YES_ERROR;
				CLANG_WARN_RANGE_LOOP_ANALYSIS = YES;
				CLANG_WARN_STRICT_PROTOTYPES = YES;
				CLANG_WARN_SUSPICIOUS_MOVE = YES;
				CLANG_WARN_UNGUARDED_AVAILABILITY = YES_AGGRESSIVE;
				CLANG_WARN_UNREACHABLE_CODE = YES;
				CLANG_WARN__DUPLICATE_METHOD_MATCH = YES;
				COPY_PHASE_STRIP = NO;
				DEBUG_INFORMATION_FORMAT = "dwarf-with-dsym";
				ENABLE_NS_ASSERTIONS = NO;
				ENABLE_STRICT_OBJC_MSGSEND = YES;
				GCC_C_LANGUAGE_STANDARD = gnu11;
				GCC_NO_COMMON_BLOCKS = YES;
				GCC_WARN_64_TO_32_BIT_CONVERSION = YES;
				GCC_WARN_ABOUT_RETURN_TYPE = YES_ERROR;
				GCC_WARN_UNDECLARED_SELECTOR = YES;
				GCC_WARN_UNINITIALIZED_AUTOS = YES_AGGRESSIVE;
				GCC_WARN_UNUSED_FUNCTION = YES;
				GCC_WARN_UNUSED_VARIABLE = YES;
				IPHONEOS_DEPLOYMENT_TARGET = 13.2;
				MTL_ENABLE_DEBUG_INFO = NO;
				MTL_FAST_MATH = YES;
				SDKROOT = iphoneos;
				SWIFT_COMPILATION_MODE = wholemodule;
				SWIFT_OPTIMIZATION_LEVEL = "-O";
				VALIDATE_PRODUCT = YES;
			};
			name = Release;
		};
		15C1E16E238833D100FC5379 /* Debug */ = {
			isa = XCBuildConfiguration;
			baseConfigurationReference = 88F1E7BA7D172C58D2E24670 /* Pods-NIBM_Article.debug.xcconfig */;
			buildSettings = {
				ASSETCATALOG_COMPILER_APPICON_NAME = AppIcon;
				CODE_SIGN_STYLE = Automatic;
				DEVELOPMENT_ASSET_PATHS = "\"NIBM_Article/Preview Content\"";
				DEVELOPMENT_TEAM = RKYYC66AUR;
				ENABLE_PREVIEWS = YES;
				INFOPLIST_FILE = NIBM_Article/Info.plist;
				LD_RUNPATH_SEARCH_PATHS = (
					"$(inherited)",
					"@executable_path/Frameworks",
				);
				PRODUCT_BUNDLE_IDENTIFIER = "Dinithika.NIBM-Article";
				PRODUCT_NAME = "$(TARGET_NAME)";
				SWIFT_VERSION = 5.0;
				TARGETED_DEVICE_FAMILY = "1,2";
			};
			name = Debug;
		};
		15C1E16F238833D100FC5379 /* Release */ = {
			isa = XCBuildConfiguration;
			baseConfigurationReference = DC6F2C1710565D372D50DD8D /* Pods-NIBM_Article.release.xcconfig */;
			buildSettings = {
				ASSETCATALOG_COMPILER_APPICON_NAME = AppIcon;
				CODE_SIGN_STYLE = Automatic;
				DEVELOPMENT_ASSET_PATHS = "\"NIBM_Article/Preview Content\"";
				DEVELOPMENT_TEAM = RKYYC66AUR;
				ENABLE_PREVIEWS = YES;
				INFOPLIST_FILE = NIBM_Article/Info.plist;
				LD_RUNPATH_SEARCH_PATHS = (
					"$(inherited)",
					"@executable_path/Frameworks",
				);
				PRODUCT_BUNDLE_IDENTIFIER = "Dinithika.NIBM-Article";
				PRODUCT_NAME = "$(TARGET_NAME)";
				SWIFT_VERSION = 5.0;
				TARGETED_DEVICE_FAMILY = "1,2";
			};
			name = Release;
		};
		15C1E171238833D100FC5379 /* Debug */ = {
			isa = XCBuildConfiguration;
			baseConfigurationReference = B7FFE191F6A1E1E8A455996C /* Pods-NIBM_ArticleTests.debug.xcconfig */;
			buildSettings = {
				ALWAYS_EMBED_SWIFT_STANDARD_LIBRARIES = YES;
				BUNDLE_LOADER = "$(TEST_HOST)";
				CODE_SIGN_STYLE = Automatic;
				DEVELOPMENT_TEAM = RKYYC66AUR;
				INFOPLIST_FILE = NIBM_ArticleTests/Info.plist;
				IPHONEOS_DEPLOYMENT_TARGET = 13.2;
				LD_RUNPATH_SEARCH_PATHS = (
					"$(inherited)",
					"@executable_path/Frameworks",
					"@loader_path/Frameworks",
				);
				PRODUCT_BUNDLE_IDENTIFIER = "Hansini.NIBM-ArticleTests";
				PRODUCT_NAME = "$(TARGET_NAME)";
				SWIFT_VERSION = 5.0;
				TARGETED_DEVICE_FAMILY = "1,2";
				TEST_HOST = "$(BUILT_PRODUCTS_DIR)/NIBM_Article.app/NIBM_Article";
			};
			name = Debug;
		};
		15C1E172238833D100FC5379 /* Release */ = {
			isa = XCBuildConfiguration;
			baseConfigurationReference = F4DB494FD4A593927F052A29 /* Pods-NIBM_ArticleTests.release.xcconfig */;
			buildSettings = {
				ALWAYS_EMBED_SWIFT_STANDARD_LIBRARIES = YES;
				BUNDLE_LOADER = "$(TEST_HOST)";
				CODE_SIGN_STYLE = Automatic;
				DEVELOPMENT_TEAM = RKYYC66AUR;
				INFOPLIST_FILE = NIBM_ArticleTests/Info.plist;
				IPHONEOS_DEPLOYMENT_TARGET = 13.2;
				LD_RUNPATH_SEARCH_PATHS = (
					"$(inherited)",
					"@executable_path/Frameworks",
					"@loader_path/Frameworks",
				);
				PRODUCT_BUNDLE_IDENTIFIER = "Hansini.NIBM-ArticleTests";
				PRODUCT_NAME = "$(TARGET_NAME)";
				SWIFT_VERSION = 5.0;
				TARGETED_DEVICE_FAMILY = "1,2";
				TEST_HOST = "$(BUILT_PRODUCTS_DIR)/NIBM_Article.app/NIBM_Article";
			};
			name = Release;
		};
		15C1E174238833D100FC5379 /* Debug */ = {
			isa = XCBuildConfiguration;
			baseConfigurationReference = 52FB006A91C0324A2A3A66A5 /* Pods-NIBM_Article-NIBM_ArticleUITests.debug.xcconfig */;
			buildSettings = {
				ALWAYS_EMBED_SWIFT_STANDARD_LIBRARIES = YES;
				CODE_SIGN_STYLE = Automatic;
				DEVELOPMENT_TEAM = RKYYC66AUR;
				INFOPLIST_FILE = NIBM_ArticleUITests/Info.plist;
				LD_RUNPATH_SEARCH_PATHS = (
					"$(inherited)",
					"@executable_path/Frameworks",
					"@loader_path/Frameworks",
				);
				PRODUCT_BUNDLE_IDENTIFIER = "Hansini.NIBM-ArticleUITests";
				PRODUCT_NAME = "$(TARGET_NAME)";
				SWIFT_VERSION = 5.0;
				TARGETED_DEVICE_FAMILY = "1,2";
				TEST_TARGET_NAME = NIBM_Article;
			};
			name = Debug;
		};
		15C1E175238833D100FC5379 /* Release */ = {
			isa = XCBuildConfiguration;
			baseConfigurationReference = 498EC9299171C4C80BD27EB8 /* Pods-NIBM_Article-NIBM_ArticleUITests.release.xcconfig */;
			buildSettings = {
				ALWAYS_EMBED_SWIFT_STANDARD_LIBRARIES = YES;
				CODE_SIGN_STYLE = Automatic;
				DEVELOPMENT_TEAM = RKYYC66AUR;
				INFOPLIST_FILE = NIBM_ArticleUITests/Info.plist;
				LD_RUNPATH_SEARCH_PATHS = (
					"$(inherited)",
					"@executable_path/Frameworks",
					"@loader_path/Frameworks",
				);
				PRODUCT_BUNDLE_IDENTIFIER = "Hansini.NIBM-ArticleUITests";
				PRODUCT_NAME = "$(TARGET_NAME)";
				SWIFT_VERSION = 5.0;
				TARGETED_DEVICE_FAMILY = "1,2";
				TEST_TARGET_NAME = NIBM_Article;
			};
			name = Release;
		};
/* End XCBuildConfiguration section */

/* Begin XCConfigurationList section */
		15C1E13B238833D000FC5379 /* Build configuration list for PBXProject "NIBM_Article" */ = {
			isa = XCConfigurationList;
			buildConfigurations = (
				15C1E16B238833D100FC5379 /* Debug */,
				15C1E16C238833D100FC5379 /* Release */,
			);
			defaultConfigurationIsVisible = 0;
			defaultConfigurationName = Release;
		};
		15C1E16D238833D100FC5379 /* Build configuration list for PBXNativeTarget "NIBM_Article" */ = {
			isa = XCConfigurationList;
			buildConfigurations = (
				15C1E16E238833D100FC5379 /* Debug */,
				15C1E16F238833D100FC5379 /* Release */,
			);
			defaultConfigurationIsVisible = 0;
			defaultConfigurationName = Release;
		};
		15C1E170238833D100FC5379 /* Build configuration list for PBXNativeTarget "NIBM_ArticleTests" */ = {
			isa = XCConfigurationList;
			buildConfigurations = (
				15C1E171238833D100FC5379 /* Debug */,
				15C1E172238833D100FC5379 /* Release */,
			);
			defaultConfigurationIsVisible = 0;
			defaultConfigurationName = Release;
		};
		15C1E173238833D100FC5379 /* Build configuration list for PBXNativeTarget "NIBM_ArticleUITests" */ = {
			isa = XCConfigurationList;
			buildConfigurations = (
				15C1E174238833D100FC5379 /* Debug */,
				15C1E175238833D100FC5379 /* Release */,
			);
			defaultConfigurationIsVisible = 0;
			defaultConfigurationName = Release;
		};
/* End XCConfigurationList section */

/* Begin XCVersionGroup section */
		15C1E147238833D000FC5379 /* NIBM_Article.xcdatamodeld */ = {
			isa = XCVersionGroup;
			children = (
				15C1E148238833D000FC5379 /* NIBM_Article.xcdatamodel */,
			);
			currentVersion = 15C1E148238833D000FC5379 /* NIBM_Article.xcdatamodel */;
			path = NIBM_Article.xcdatamodeld;
			sourceTree = "<group>";
			versionGroupType = wrapper.xcdatamodel;
		};
/* End XCVersionGroup section */
	};
	rootObject = 15C1E138238833D000FC5379 /* Project object */;
}
